
Microsoft Visual Studio Solution File, Format Version 12.00
# Visual Studio 15
Project("{FAE04EC0-301F-11D3-BF4B-00C04F79EFBC}") = "ShaderDemo", "Assembly-CSharp.csproj", "{CCFFBAE3-0C03-A991-6C04-9DA48B6BD8FB}"
EndProject
Global
	GlobalSection(SolutionConfigurationPlatforms) = preSolution
		Debug|Any CPU = Debug|Any CPU
		Release|Any CPU = Release|Any CPU
	EndGlobalSection
	GlobalSection(ProjectConfigurationPlatforms) = postSolution
		{CCFFBAE3-0C03-A991-6C04-9DA48B6BD8FB}.Debug|Any CPU.ActiveCfg = Debug|Any CPU
		{CCFFBAE3-0C03-A991-6C04-9DA48B6BD8FB}.Debug|Any CPU.Build.0 = Debug|Any CPU
		{CCFFBAE3-0C03-A991-6C04-9DA48B6BD8FB}.Release|Any CPU.ActiveCfg = Release|Any CPU
		{CCFFBAE3-0C03-A991-6C04-9DA48B6BD8FB}.Release|Any CPU.Build.0 = Release|Any CPU
	EndGlobalSection
	GlobalSection(SolutionProperties) = preSolution
		HideSolutionNode = FALSE
	EndGlobalSection
EndGlobal
